// !$*UTF8*$!
{
	archiveVersion = 1;
	classes = {
	};
	objectVersion = 77;
	objects = {

/* Begin PBXContainerItemProxy section */
		17595D0D2E4A535E0023E98B /* PBXContainerItemProxy */ = {
			isa = PBXContainerItemProxy;
			containerPortal = 17595CE92E4A535D0023E98B /* Project object */;
			proxyType = 1;
			remoteGlobalIDString = 17595CF02E4A535D0023E98B;
			remoteInfo = ContactsMix;
		};
		17595D172E4A535E0023E98B /* PBXContainerItemProxy */ = {
			isa = PBXContainerItemProxy;
			containerPortal = 17595CE92E4A535D0023E98B /* Project object */;
			proxyType = 1;
			remoteGlobalIDString = 17595CF02E4A535D0023E98B;
			remoteInfo = ContactsMix;
		};
/* End PBXContainerItemProxy section */

/* Begin PBXFileReference section */
		17595CF12E4A535D0023E98B /* ContactsMix.app */ = {isa = PBXFileReference; explicitFileType = wrapper.application; includeInIndex = 0; path = ContactsMix.app; sourceTree = BUILT_PRODUCTS_DIR; };
		17595D0C2E4A535E0023E98B /* ContactsMixTests.xctest */ = {isa = PBXFileReference; explicitFileType = wrapper.cfbundle; includeInIndex = 0; path = ContactsMixTests.xctest; sourceTree = BUILT_PRODUCTS_DIR; };
		17595D162E4A535E0023E98B /* ContactsMixUITests.xctest */ = {isa = PBXFileReference; explicitFileType = wrapper.cfbundle; includeInIndex = 0; path = ContactsMixUITests.xctest; sourceTree = BUILT_PRODUCTS_DIR; };
/* End PBXFileReference section */

/* Begin PBXFileSystemSynchronizedBuildFileExceptionSet section */
		17595D1E2E4A535E0023E98B /* Exceptions for "ContactsMix" folder in "ContactsMix" target */ = {
			isa = PBXFileSystemSynchronizedBuildFileExceptionSet;
			membershipExceptions = (
				Resources/Info.plist,
			);
			target = 17595CF02E4A535D0023E98B /* ContactsMix */;
		};
/* End PBXFileSystemSynchronizedBuildFileExceptionSet section */

/* Begin PBXFileSystemSynchronizedGroupBuildPhaseMembershipExceptionSet section */
		17CAF7B12E4A86B0003F25E3 /* Exceptions for "ContactsMix" folder in "Compile Sources" phase from "ContactsMix" target */ = {
			isa = PBXFileSystemSynchronizedGroupBuildPhaseMembershipExceptionSet;
			buildPhase = 17595CED2E4A535D0023E98B /* Sources */;
			membershipExceptions = (
				"ContactsMix-Bridging-Header.h",
			);
		};
/* End PBXFileSystemSynchronizedGroupBuildPhaseMembershipExceptionSet section */

/* Begin PBXFileSystemSynchronizedRootGroup section */
		17595CF32E4A535D0023E98B /* ContactsMix */ = {
			isa = PBXFileSystemSynchronizedRootGroup;
			exceptions = (
				17595D1E2E4A535E0023E98B /* Exceptions for "ContactsMix" folder in "ContactsMix" target */,
				17CAF7B12E4A86B0003F25E3 /* Exceptions for "ContactsMix" folder in "Compile Sources" phase from "ContactsMix" target */,
			);
			path = ContactsMix;
			sourceTree = "<group>";
		};
		17595D0F2E4A535E0023E98B /* ContactsMixTests */ = {
			isa = PBXFileSystemSynchronizedRootGroup;
			path = ContactsMixTests;
			sourceTree = "<group>";
		};
		17595D192E4A535E0023E98B /* ContactsMixUITests */ = {
			isa = PBXFileSystemSynchronizedRootGroup;
			path = ContactsMixUITests;
			sourceTree = "<group>";
		};
/* End PBXFileSystemSynchronizedRootGroup section */

/* Begin PBXFrameworksBuildPhase section */
		17595CEE2E4A535D0023E98B /* Frameworks */ = {
			isa = PBXFrameworksBuildPhase;
			buildActionMask = 2147483647;
			files = (
			);
			runOnlyForDeploymentPostprocessing = 0;
		};
		17595D092E4A535E0023E98B /* Frameworks */ = {
			isa = PBXFrameworksBuildPhase;
			buildActionMask = 2147483647;
			files = (
			);
			runOnlyForDeploymentPostprocessing = 0;
		};
		17595D132E4A535E0023E98B /* Frameworks */ = {
			isa = PBXFrameworksBuildPhase;
			buildActionMask = 2147483647;
			files = (
			);
			runOnlyForDeploymentPostprocessing = 0;
		};
/* End PBXFrameworksBuildPhase section */

/* Begin PBXGroup section */
		17595CE82E4A535D0023E98B = {
			isa = PBXGroup;
			children = (
				17595CF32E4A535D0023E98B /* ContactsMix */,
				17595D0F2E4A535E0023E98B /* ContactsMixTests */,
				17595D192E4A535E0023E98B /* ContactsMixUITests */,
				17595CF22E4A535D0023E98B /* Products */,
			);
			sourceTree = "<group>";
		};
		17595CF22E4A535D0023E98B /* Products */ = {
			isa = PBXGroup;
			children = (
				17595CF12E4A535D0023E98B /* ContactsMix.app */,
				17595D0C2E4A535E0023E98B /* ContactsMixTests.xctest */,
				17595D162E4A535E0023E98B /* ContactsMixUITests.xctest */,
			);
			name = Products;
			sourceTree = "<group>";
		};
/* End PBXGroup section */

/* Begin PBXNativeTarget section */
		17595CF02E4A535D0023E98B /* ContactsMix */ = {
			isa = PBXNativeTarget;
			buildConfigurationList = 17595D1F2E4A535E0023E98B /* Build configuration list for PBXNativeTarget "ContactsMix" */;
			buildPhases = (
				17595CED2E4A535D0023E98B /* Sources */,
				17595CEE2E4A535D0023E98B /* Frameworks */,
				17595CEF2E4A535D0023E98B /* Resources */,
			);
			buildRules = (
			);
			dependencies = (
			);
			fileSystemSynchronizedGroups = (
				17595CF32E4A535D0023E98B /* ContactsMix */,
			);
			name = ContactsMix;
			packageProductDependencies = (
			);
			productName = ContactsMix;
			productReference = 17595CF12E4A535D0023E98B /* ContactsMix.app */;
			productType = "com.apple.product-type.application";
		};
		17595D0B2E4A535E0023E98B /* ContactsMixTests */ = {
			isa = PBXNativeTarget;
			buildConfigurationList = 17595D242E4A535E0023E98B /* Build configuration list for PBXNativeTarget "ContactsMixTests" */;
			buildPhases = (
				17595D082E4A535E0023E98B /* Sources */,
				17595D092E4A535E0023E98B /* Frameworks */,
				17595D0A2E4A535E0023E98B /* Resources */,
			);
			buildRules = (
			);
			dependencies = (
				17595D0E2E4A535E0023E98B /* PBXTargetDependency */,
			);
			fileSystemSynchronizedGroups = (
				17595D0F2E4A535E0023E98B /* ContactsMixTests */,
			);
			name = ContactsMixTests;
			packageProductDependencies = (
			);
			productName = ContactsMixTests;
			productReference = 17595D0C2E4A535E0023E98B /* ContactsMixTests.xctest */;
			productType = "com.apple.product-type.bundle.unit-test";
		};
		17595D152E4A535E0023E98B /* ContactsMixUITests */ = {
			isa = PBXNativeTarget;
			buildConfigurationList = 17595D272E4A535E0023E98B /* Build configuration list for PBXNativeTarget "ContactsMixUITests" */;
			buildPhases = (
				17595D122E4A535E0023E98B /* Sources */,
				17595D132E4A535E0023E98B /* Frameworks */,
				17595D142E4A535E0023E98B /* Resources */,
			);
			buildRules = (
			);
			dependencies = (
				17595D182E4A535E0023E98B /* PBXTargetDependency */,
			);
			fileSystemSynchronizedGroups = (
				17595D192E4A535E0023E98B /* ContactsMixUITests */,
			);
			name = ContactsMixUITests;
			packageProductDependencies = (
			);
			productName = ContactsMixUITests;
			productReference = 17595D162E4A535E0023E98B /* ContactsMixUITests.xctest */;
			productType = "com.apple.product-type.bundle.ui-testing";
		};
/* End PBXNativeTarget section */

/* Begin PBXProject section */
		17595CE92E4A535D0023E98B /* Project object */ = {
			isa = PBXProject;
			attributes = {
				BuildIndependentTargetsInParallel = 1;
				LastUpgradeCheck = 1620;
				TargetAttributes = {
					17595CF02E4A535D0023E98B = {
						CreatedOnToolsVersion = 16.2;
						LastSwiftMigration = 1620;
					};
					17595D0B2E4A535E0023E98B = {
						CreatedOnToolsVersion = 16.2;
						TestTargetID = 17595CF02E4A535D0023E98B;
					};
					17595D152E4A535E0023E98B = {
						CreatedOnToolsVersion = 16.2;
						TestTargetID = 17595CF02E4A535D0023E98B;
					};
				};
			};
			buildConfigurationList = 17595CEC2E4A535D0023E98B /* Build configuration list for PBXProject "ContactsMix" */;
			developmentRegion = en;
			hasScannedForEncodings = 0;
			knownRegions = (
				en,
				Base,
			);
			mainGroup = 17595CE82E4A535D0023E98B;
			minimizedProjectReferenceProxies = 1;
			preferredProjectObjectVersion = 77;
			productRefGroup = 17595CF22E4A535D0023E98B /* Products */;
			projectDirPath = "";
			projectRoot = "";
			targets = (
				17595CF02E4A535D0023E98B /* ContactsMix */,
				17595D0B2E4A535E0023E98B /* ContactsMixTests */,
				17595D152E4A535E0023E98B /* ContactsMixUITests */,
			);
		};
/* End PBXProject section */

/* Begin PBXResourcesBuildPhase section */
		17595CEF2E4A535D0023E98B /* Resources */ = {
			isa = PBXResourcesBuildPhase;
			buildActionMask = 2147483647;
			files = (
			);
			runOnlyForDeploymentPostprocessing = 0;
		};
		17595D0A2E4A535E0023E98B /* Resources */ = {
			isa = PBXResourcesBuildPhase;
			buildActionMask = 2147483647;
			files = (
			);
			runOnlyForDeploymentPostprocessing = 0;
		};
		17595D142E4A535E0023E98B /* Resources */ = {
			isa = PBXResourcesBuildPhase;
			buildActionMask = 2147483647;
			files = (
			);
			runOnlyForDeploymentPostprocessing = 0;
		};
/* End PBXResourcesBuildPhase section */

/* Begin PBXSourcesBuildPhase section */
		17595CED2E4A535D0023E98B /* Sources */ = {
			isa = PBXSourcesBuildPhase;
			buildActionMask = 2147483647;
			files = (
			);
			runOnlyForDeploymentPostprocessing = 0;
		};
		17595D082E4A535E0023E98B /* Sources */ = {
			isa = PBXSourcesBuildPhase;
			buildActionMask = 2147483647;
			files = (
			);
			runOnlyForDeploymentPostprocessing = 0;
		};
		17595D122E4A535E0023E98B /* Sources */ = {
			isa = PBXSourcesBuildPhase;
			buildActionMask = 2147483647;
			files = (
			);
			runOnlyForDeploymentPostprocessing = 0;
		};
/* End PBXSourcesBuildPhase section */

/* Begin PBXTargetDependency section */
		17595D0E2E4A535E0023E98B /* PBXTargetDependency */ = {
			isa = PBXTargetDependency;
			target = 17595CF02E4A535D0023E98B /* ContactsMix */;
			targetProxy = 17595D0D2E4A535E0023E98B /* PBXContainerItemProxy */;
		};
		17595D182E4A535E0023E98B /* PBXTargetDependency */ = {
			isa = PBXTargetDependency;
			target = 17595CF02E4A535D0023E98B /* ContactsMix */;
			targetProxy = 17595D172E4A535E0023E98B /* PBXContainerItemProxy */;
		};
/* End PBXTargetDependency section */

/* Begin XCBuildConfiguration section */
		17595D202E4A535E0023E98B /* Debug */ = {
			isa = XCBuildConfiguration;
			buildSettings = {
				ASSETCATALOG_COMPILER_APPICON_NAME = AppIcon;
				ASSETCATALOG_COMPILER_GLOBAL_ACCENT_COLOR_NAME = AccentColor;
				CLANG_ENABLE_MODULES = YES;
				CODE_SIGN_STYLE = Automatic;
				CURRENT_PROJECT_VERSION = 1;
				DEVELOPMENT_TEAM = 64V6C3ZR54;
				GENERATE_INFOPLIST_FILE = YES;
				INFOPLIST_FILE = ContactsMix/Resources/Info.plist;
				INFOPLIST_KEY_UIApplicationSupportsIndirectInputEvents = YES;
				INFOPLIST_KEY_UILaunchStoryboardName = LaunchScreen;
				INFOPLIST_KEY_UISupportedInterfaceOrientations_iPad = "UIInterfaceOrientationPortrait UIInterfaceOrientationPortraitUpsideDown UIInterfaceOrientationLandscapeLeft UIInterfaceOrientationLandscapeRight";
				INFOPLIST_KEY_UISupportedInterfaceOrientations_iPhone = "UIInterfaceOrientationPortrait UIInterfaceOrientationLandscapeLeft UIInterfaceOrientationLandscapeRight";
				LD_RUNPATH_SEARCH_PATHS = (
					"$(inherited)",
					"@executable_path/Frameworks",
				);
				MARKETING_VERSION = 1.0;
				PRODUCT_BUNDLE_IDENTIFIER = com.abrahamduran.ContactsMix;
				PRODUCT_NAME = "$(TARGET_NAME)";
				SWIFT_EMIT_LOC_STRINGS = YES;
				SWIFT_OPTIMIZATION_LEVEL = "-Onone";
				SWIFT_VERSION = 6.0;
				TARGETED_DEVICE_FAMILY = "1,2";
			};
			name = Debug;
		};
		17595D212E4A535E0023E98B /* Release */ = {
			isa = XCBuildConfiguration;
			buildSettings = {
				ASSETCATALOG_COMPILER_APPICON_NAME = AppIcon;
				ASSETCATALOG_COMPILER_GLOBAL_ACCENT_COLOR_NAME = AccentColor;
				CLANG_ENABLE_MODULES = YES;
				CODE_SIGN_STYLE = Automatic;
				CURRENT_PROJECT_VERSION = 1;
				DEVELOPMENT_TEAM = 64V6C3ZR54;
				GENERATE_INFOPLIST_FILE = YES;
				INFOPLIST_FILE = ContactsMix/Resources/Info.plist;
				INFOPLIST_KEY_UIApplicationSupportsIndirectInputEvents = YES;
				INFOPLIST_KEY_UILaunchStoryboardName = LaunchScreen;
				INFOPLIST_KEY_UISupportedInterfaceOrientations_iPad = "UIInterfaceOrientationPortrait UIInterfaceOrientationPortraitUpsideDown UIInterfaceOrientationLandscapeLeft UIInterfaceOrientationLandscapeRight";
				INFOPLIST_KEY_UISupportedInterfaceOrientations_iPhone = "UIInterfaceOrientationPortrait UIInterfaceOrientationLandscapeLeft UIInterfaceOrientationLandscapeRight";
				LD_RUNPATH_SEARCH_PATHS = (
					"$(inherited)",
					"@executable_path/Frameworks",
				);
				MARKETING_VERSION = 1.0;
				PRODUCT_BUNDLE_IDENTIFIER = com.abrahamduran.ContactsMix;
				PRODUCT_NAME = "$(TARGET_NAME)";
				SWIFT_EMIT_LOC_STRINGS = YES;
				SWIFT_VERSION = 6.0;
				TARGETED_DEVICE_FAMILY = "1,2";
			};
			name = Release;
		};
		17595D222E4A535E0023E98B /* Debug */ = {
			isa = XCBuildConfiguration;
			buildSettings = {
				ALWAYS_SEARCH_USER_PATHS = NO;
				ASSETCATALOG_COMPILER_GENERATE_SWIFT_ASSET_SYMBOL_EXTENSIONS = YES;
				CLANG_ANALYZER_NONNULL = YES;
				CLANG_ANALYZER_NUMBER_OBJECT_CONVERSION = YES_AGGRESSIVE;
				CLANG_CXX_LANGUAGE_STANDARD = "gnu++20";
				CLANG_ENABLE_MODULES = YES;
				CLANG_ENABLE_OBJC_ARC = YES;
				CLANG_ENABLE_OBJC_WEAK = YES;
				CLANG_WARN_BLOCK_CAPTURE_AUTORELEASING = YES;
				CLANG_WARN_BOOL_CONVERSION = YES;
				CLANG_WARN_COMMA = YES;
				CLANG_WARN_CONSTANT_CONVERSION = YES;
				CLANG_WARN_DEPRECATED_OBJC_IMPLEMENTATIONS = YES;
				CLANG_WARN_DIRECT_OBJC_ISA_USAGE = YES_ERROR;
				CLANG_WARN_DOCUMENTATION_COMMENTS = YES;
				CLANG_WARN_EMPTY_BODY = YES;
				CLANG_WARN_ENUM_CONVERSION = YES;
				CLANG_WARN_INFINITE_RECURSION = YES;
				CLANG_WARN_INT_CONVERSION = YES;
				CLANG_WARN_NON_LITERAL_NULL_CONVERSION = YES;
				CLANG_WARN_OBJC_IMPLICIT_RETAIN_SELF = YES;
				CLANG_WARN_OBJC_LITERAL_CONVERSION = YES;
				CLANG_WARN_OBJC_ROOT_CLASS = YES_ERROR;
				CLANG_WARN_QUOTED_INCLUDE_IN_FRAMEWORK_HEADER = YES;
				CLANG_WARN_RANGE_LOOP_ANALYSIS = YES;
				CLANG_WARN_STRICT_PROTOTYPES = YES;
				CLANG_WARN_SUSPICIOUS_MOVE = YES;
				CLANG_WARN_UNGUARDED_AVAILABILITY = YES_AGGRESSIVE;
				CLANG_WARN_UNREACHABLE_CODE = YES;
				CLANG_WARN__DUPLICATE_METHOD_MATCH = YES;
				COPY_PHASE_STRIP = NO;
				DEBUG_INFORMATION_FORMAT = dwarf;
				ENABLE_STRICT_OBJC_MSGSEND = YES;
				ENABLE_TESTABILITY = YES;
				ENABLE_USER_SCRIPT_SANDBOXING = YES;
				GCC_C_LANGUAGE_STANDARD = gnu17;
				GCC_DYNAMIC_NO_PIC = NO;
				GCC_NO_COMMON_BLOCKS = YES;
				GCC_OPTIMIZATION_LEVEL = 0;
				GCC_PREPROCESSOR_DEFINITIONS = (
					"DEBUG=1",
					"$(inherited)",
				);
				GCC_WARN_64_TO_32_BIT_CONVERSION = YES;
				GCC_WARN_ABOUT_RETURN_TYPE = YES_ERROR;
				GCC_WARN_UNDECLARED_SELECTOR = YES;
				GCC_WARN_UNINITIALIZED_AUTOS = YES_AGGRESSIVE;
				GCC_WARN_UNUSED_FUNCTION = YES;
				GCC_WARN_UNUSED_VARIABLE = YES;
				IPHONEOS_DEPLOYMENT_TARGET = 18.2;
				LOCALIZATION_PREFERS_STRING_CATALOGS = YES;
				MTL_ENABLE_DEBUG_INFO = INCLUDE_SOURCE;
				MTL_FAST_MATH = YES;
				ONLY_ACTIVE_ARCH = YES;
				SDKROOT = iphoneos;
			};
			name = Debug;
		};
		17595D232E4A535E0023E98B /* Release */ = {
			isa = XCBuildConfiguration;
			buildSettings = {
				ALWAYS_SEARCH_USER_PATHS = NO;
				ASSETCATALOG_COMPILER_GENERATE_SWIFT_ASSET_SYMBOL_EXTENSIONS = YES;
				CLANG_ANALYZER_NONNULL = YES;
				CLANG_ANALYZER_NUMBER_OBJECT_CONVERSION = YES_AGGRESSIVE;
				CLANG_CXX_LANGUAGE_STANDARD = "gnu++20";
				CLANG_ENABLE_MODULES = YES;
				CLANG_ENABLE_OBJC_ARC = YES;
				CLANG_ENABLE_OBJC_WEAK = YES;
				CLANG_WARN_BLOCK_CAPTURE_AUTORELEASING = YES;
				CLANG_WARN_BOOL_CONVERSION = YES;
				CLANG_WARN_COMMA = YES;
				CLANG_WARN_CONSTANT_CONVERSION = YES;
				CLANG_WARN_DEPRECATED_OBJC_IMPLEMENTATIONS = YES;
				CLANG_WARN_DIRECT_OBJC_ISA_USAGE = YES_ERROR;
				CLANG_WARN_DOCUMENTATION_COMMENTS = YES;
				CLANG_WARN_EMPTY_BODY = YES;
				CLANG_WARN_ENUM_CONVERSION = YES;
				CLANG_WARN_INFINITE_RECURSION = YES;
				CLANG_WARN_INT_CONVERSION = YES;
				CLANG_WARN_NON_LITERAL_NULL_CONVERSION = YES;
				CLANG_WARN_OBJC_IMPLICIT_RETAIN_SELF = YES;
				CLANG_WARN_OBJC_LITERAL_CONVERSION = YES;
				CLANG_WARN_OBJC_ROOT_CLASS = YES_ERROR;
				CLANG_WARN_QUOTED_INCLUDE_IN_FRAMEWORK_HEADER = YES;
				CLANG_WARN_RANGE_LOOP_ANALYSIS = YES;
				CLANG_WARN_STRICT_PROTOTYPES = YES;
				CLANG_WARN_SUSPICIOUS_MOVE = YES;
				CLANG_WARN_UNGUARDED_AVAILABILITY = YES_AGGRESSIVE;
				CLANG_WARN_UNREACHABLE_CODE = YES;
				CLANG_WARN__DUPLICATE_METHOD_MATCH = YES;
				COPY_PHASE_STRIP = NO;
				DEBUG_INFORMATION_FORMAT = "dwarf-with-dsym";
				ENABLE_NS_ASSERTIONS = NO;
				ENABLE_STRICT_OBJC_MSGSEND = YES;
				ENABLE_USER_SCRIPT_SANDBOXING = YES;
				GCC_C_LANGUAGE_STANDARD = gnu17;
				GCC_NO_COMMON_BLOCKS = YES;
				GCC_WARN_64_TO_32_BIT_CONVERSION = YES;
				GCC_WARN_ABOUT_RETURN_TYPE = YES_ERROR;
				GCC_WARN_UNDECLARED_SELECTOR = YES;
				GCC_WARN_UNINITIALIZED_AUTOS = YES_AGGRESSIVE;
				GCC_WARN_UNUSED_FUNCTION = YES;
				GCC_WARN_UNUSED_VARIABLE = YES;
				IPHONEOS_DEPLOYMENT_TARGET = 18.2;
				LOCALIZATION_PREFERS_STRING_CATALOGS = YES;
				MTL_ENABLE_DEBUG_INFO = NO;
				MTL_FAST_MATH = YES;
				SDKROOT = iphoneos;
				VALIDATE_PRODUCT = YES;
			};
			name = Release;
		};
		17595D252E4A535E0023E98B /* Debug */ = {
			isa = XCBuildConfiguration;
			buildSettings = {
				BUNDLE_LOADER = "$(TEST_HOST)";
				CODE_SIGN_STYLE = Automatic;
				CURRENT_PROJECT_VERSION = 1;
				DEVELOPMENT_TEAM = 64V6C3ZR54;
				GENERATE_INFOPLIST_FILE = YES;
				IPHONEOS_DEPLOYMENT_TARGET = 18.2;
				MARKETING_VERSION = 1.0;
				PRODUCT_BUNDLE_IDENTIFIER = com.abrahamduran.ContactsMixTests;
				PRODUCT_NAME = "$(TARGET_NAME)";
				SWIFT_EMIT_LOC_STRINGS = NO;
				TARGETED_DEVICE_FAMILY = "1,2";
				TEST_HOST = "$(BUILT_PRODUCTS_DIR)/ContactsMix.app/$(BUNDLE_EXECUTABLE_FOLDER_PATH)/ContactsMix";
			};
			name = Debug;
		};
		17595D262E4A535E0023E98B /* Release */ = {
			isa = XCBuildConfiguration;
			buildSettings = {
				BUNDLE_LOADER = "$(TEST_HOST)";
				CODE_SIGN_STYLE = Automatic;
				CURRENT_PROJECT_VERSION = 1;
				DEVELOPMENT_TEAM = 64V6C3ZR54;
				GENERATE_INFOPLIST_FILE = YES;
				IPHONEOS_DEPLOYMENT_TARGET = 18.2;
				MARKETING_VERSION = 1.0;
				PRODUCT_BUNDLE_IDENTIFIER = com.abrahamduran.ContactsMixTests;
				PRODUCT_NAME = "$(TARGET_NAME)";
				SWIFT_EMIT_LOC_STRINGS = NO;
				TARGETED_DEVICE_FAMILY = "1,2";
				TEST_HOST = "$(BUILT_PRODUCTS_DIR)/ContactsMix.app/$(BUNDLE_EXECUTABLE_FOLDER_PATH)/ContactsMix";
			};
			name = Release;
		};
		17595D282E4A535E0023E98B /* Debug */ = {
			isa = XCBuildConfiguration;
			buildSettings = {
				CODE_SIGN_STYLE = Automatic;
				CURRENT_PROJECT_VERSION = 1;
				DEVELOPMENT_TEAM = 64V6C3ZR54;
				GENERATE_INFOPLIST_FILE = YES;
				MARKETING_VERSION = 1.0;
				PRODUCT_BUNDLE_IDENTIFIER = com.abrahamduran.ContactsMixUITests;
				PRODUCT_NAME = "$(TARGET_NAME)";
				SWIFT_EMIT_LOC_STRINGS = NO;
				TARGETED_DEVICE_FAMILY = "1,2";
				TEST_TARGET_NAME = ContactsMix;
			};
			name = Debug;
		};
		17595D292E4A535E0023E98B /* Release */ = {
			isa = XCBuildConfiguration;
			buildSettings = {
				CODE_SIGN_STYLE = Automatic;
				CURRENT_PROJECT_VERSION = 1;
				DEVELOPMENT_TEAM = 64V6C3ZR54;
				GENERATE_INFOPLIST_FILE = YES;
				MARKETING_VERSION = 1.0;
				PRODUCT_BUNDLE_IDENTIFIER = com.abrahamduran.ContactsMixUITests;
				PRODUCT_NAME = "$(TARGET_NAME)";
				SWIFT_EMIT_LOC_STRINGS = NO;
				TARGETED_DEVICE_FAMILY = "1,2";
				TEST_TARGET_NAME = ContactsMix;
			};
			name = Release;
		};
/* End XCBuildConfiguration section */

/* Begin XCConfigurationList section */
		17595CEC2E4A535D0023E98B /* Build configuration list for PBXProject "ContactsMix" */ = {
			isa = XCConfigurationList;
			buildConfigurations = (
				17595D222E4A535E0023E98B /* Debug */,
				17595D232E4A535E0023E98B /* Release */,
			);
			defaultConfigurationIsVisible = 0;
			defaultConfigurationName = Release;
		};
		17595D1F2E4A535E0023E98B /* Build configuration list for PBXNativeTarget "ContactsMix" */ = {
			isa = XCConfigurationList;
			buildConfigurations = (
				17595D202E4A535E0023E98B /* Debug */,
				17595D212E4A535E0023E98B /* Release */,
			);
			defaultConfigurationIsVisible = 0;
			defaultConfigurationName = Release;
		};
		17595D242E4A535E0023E98B /* Build configuration list for PBXNativeTarget "ContactsMixTests" */ = {
			isa = XCConfigurationList;
			buildConfigurations = (
				17595D252E4A535E0023E98B /* Debug */,
				17595D262E4A535E0023E98B /* Release */,
			);
			defaultConfigurationIsVisible = 0;
			defaultConfigurationName = Release;
		};
		17595D272E4A535E0023E98B /* Build configuration list for PBXNativeTarget "ContactsMixUITests" */ = {
			isa = XCConfigurationList;
			buildConfigurations = (
				17595D282E4A535E0023E98B /* Debug */,
				17595D292E4A535E0023E98B /* Release */,
			);
			defaultConfigurationIsVisible = 0;
			defaultConfigurationName = Release;
		};
/* End XCConfigurationList section */
	};
	rootObject = 17595CE92E4A535D0023E98B /* Project object */;
}
